
Microsoft Visual Studio Solution File, Format Version 12.00
# Visual Studio Version 17
VisualStudioVersion = 17.11.35222.181
MinimumVisualStudioVersion = 10.0.40219.1
Project("{FAE04EC0-301F-11D3-BF4B-00C04F79EFBC}") = "ExamenADONET", "ExamenADONET.csproj", "{14453DD4-62CD-4FDA-B2D5-EDBB3EAE8B75}"
EndProject
Global
	GlobalSection(SolutionConfigurationPlatforms) = preSolution
		Debug|Any CPU = Debug|Any CPU
		Release|Any CPU = Release|Any CPU
	EndGlobalSection
	GlobalSection(ProjectConfigurationPlatforms) = postSolution
		{14453DD4-62CD-4FDA-B2D5-EDBB3EAE8B75}.Debug|Any CPU.ActiveCfg = Debug|Any CPU
		{14453DD4-62CD-4FDA-B2D5-EDBB3EAE8B75}.Debug|Any CPU.Build.0 = Debug|Any CPU
		{14453DD4-62CD-4FDA-B2D5-EDBB3EAE8B75}.Release|Any CPU.ActiveCfg = Release|Any CPU
		{14453DD4-62CD-4FDA-B2D5-EDBB3EAE8B75}.Release|Any CPU.Build.0 = Release|Any CPU
	EndGlobalSection
	GlobalSection(SolutionProperties) = preSolution
		HideSolutionNode = FALSE
	EndGlobalSection
	GlobalSection(ExtensibilityGlobals) = postSolution
		SolutionGuid = {92B7AC18-2488-449A-AA74-13F557099DD5}
	EndGlobalSection
EndGlobal
